
Microsoft Visual Studio Solution File, Format Version 12.00
# Visual Studio Version 17
VisualStudioVersion = 17.13.35919.96 d17.13
MinimumVisualStudioVersion = 10.0.40219.1
Project("{FAE04EC0-301F-11D3-BF4B-00C04F79EFBC}") = "AI.TransactionExtracter.API", "AI.TransactionExtracter.API\AI.TransactionExtracter.API.csproj", "{BFFF54E9-61CE-4324-B2DB-7C06DEBB644A}"
EndProject
Global
	GlobalSection(SolutionConfigurationPlatforms) = preSolution
		Debug|Any CPU = Debug|Any CPU
		Release|Any CPU = Release|Any CPU
	EndGlobalSection
	GlobalSection(ProjectConfigurationPlatforms) = postSolution
		{BFFF54E9-61CE-4324-B2DB-7C06DEBB644A}.Debug|Any CPU.ActiveCfg = Debug|Any CPU
		{BFFF54E9-61CE-4324-B2DB-7C06DEBB644A}.Debug|Any CPU.Build.0 = Debug|Any CPU
		{BFFF54E9-61CE-4324-B2DB-7C06DEBB644A}.Release|Any CPU.ActiveCfg = Release|Any CPU
		{BFFF54E9-61CE-4324-B2DB-7C06DEBB644A}.Release|Any CPU.Build.0 = Release|Any CPU
	EndGlobalSection
	GlobalSection(SolutionProperties) = preSolution
		HideSolutionNode = FALSE
	EndGlobalSection
	GlobalSection(ExtensibilityGlobals) = postSolution
		SolutionGuid = {4B77744D-0C6F-41E9-B073-32669FF43FD1}
	EndGlobalSection
EndGlobal
